PODS:
  - Kiwi (2.1)
  - ObjectiveSugar (0.7)

DEPENDENCIES:
  - Kiwi
  - ObjectiveSugar (from `../ObjectiveSugar.podspec`)

EXTERNAL SOURCES:
  ObjectiveSugar:
    :path: ../ObjectiveSugar.podspec

SPEC CHECKSUMS:
  Kiwi: 054ef97d0e50c279b21113a0880a906fa153a7fd
  ObjectiveSugar: 2c2835034d5ec0d27f66905f63465490e3b8e1e7

COCOAPODS: 0.20.2
