PODS:
  - Kiwi (2.1)
  - ObjectiveSugar (0.8)

DEPENDENCIES:
  - Kiwi
  - ObjectiveSugar (from `../ObjectiveSugar.podspec`)

EXTERNAL SOURCES:
  ObjectiveSugar:
    :path: ../ObjectiveSugar.podspec

SPEC CHECKSUMS:
  Kiwi: 054ef97d0e50c279b21113a0880a906fa153a7fd
  ObjectiveSugar: b4f6fc32c4ec3d6c4257d8fb6e1addab744c8789

COCOAPODS: 0.20.2
