PODS:
  - Kiwi (2.2)
  - ObjectiveSugar (1.0.0)

DEPENDENCIES:
  - Kiwi
  - ObjectiveSugar (from `../ObjectiveSugar.podspec`)

EXTERNAL SOURCES:
  ObjectiveSugar:
    :path: ../ObjectiveSugar.podspec

SPEC CHECKSUMS:
  Kiwi: db174bba4ee8068b15d7122f1b22fb64b7c1d378
  ObjectiveSugar: e094b5e368743fb63d74150f80f281aadff8ed2d

COCOAPODS: 0.28.0
